
Microsoft Visual Studio Solution File, Format Version 12.00
# Visual Studio 15
VisualStudioVersion = 15.0.27428.2037
MinimumVisualStudioVersion = 10.0.40219.1
Project("{FAE04EC0-301F-11D3-BF4B-00C04F79EFBC}") = "SharePointRunner.SDK", "Sources\SharePointRunner.SDK\SharePointRunner.SDK.csproj", "{7FF0252F-82FE-423A-A75E-4BCE3A82CD0D}"
EndProject
Project("{FAE04EC0-301F-11D3-BF4B-00C04F79EFBC}") = "SharePointRunner", "Sources\SharePointRunner\SharePointRunner.csproj", "{860B8AAC-87E6-4A3F-8F4F-2BE4054E8D4F}"
EndProject
Project("{FAE04EC0-301F-11D3-BF4B-00C04F79EFBC}") = "SharePointRunner.PowerShell", "Sources\SharePointRunner.PowerShell\SharePointRunner.PowerShell.csproj", "{4BD43187-7333-418B-990E-05C17B0F0368}"
EndProject
Global
	GlobalSection(SolutionConfigurationPlatforms) = preSolution
		Debug|Any CPU = Debug|Any CPU
		Release|Any CPU = Release|Any CPU
	EndGlobalSection
	GlobalSection(ProjectConfigurationPlatforms) = postSolution
		{7FF0252F-82FE-423A-A75E-4BCE3A82CD0D}.Debug|Any CPU.ActiveCfg = Debug|Any CPU
		{7FF0252F-82FE-423A-A75E-4BCE3A82CD0D}.Debug|Any CPU.Build.0 = Debug|Any CPU
		{7FF0252F-82FE-423A-A75E-4BCE3A82CD0D}.Release|Any CPU.ActiveCfg = Release|Any CPU
		{7FF0252F-82FE-423A-A75E-4BCE3A82CD0D}.Release|Any CPU.Build.0 = Release|Any CPU
		{860B8AAC-87E6-4A3F-8F4F-2BE4054E8D4F}.Debug|Any CPU.ActiveCfg = Debug|Any CPU
		{860B8AAC-87E6-4A3F-8F4F-2BE4054E8D4F}.Debug|Any CPU.Build.0 = Debug|Any CPU
		{860B8AAC-87E6-4A3F-8F4F-2BE4054E8D4F}.Release|Any CPU.ActiveCfg = Release|Any CPU
		{860B8AAC-87E6-4A3F-8F4F-2BE4054E8D4F}.Release|Any CPU.Build.0 = Release|Any CPU
		{4BD43187-7333-418B-990E-05C17B0F0368}.Debug|Any CPU.ActiveCfg = Debug|Any CPU
		{4BD43187-7333-418B-990E-05C17B0F0368}.Debug|Any CPU.Build.0 = Debug|Any CPU
		{4BD43187-7333-418B-990E-05C17B0F0368}.Release|Any CPU.ActiveCfg = Release|Any CPU
		{4BD43187-7333-418B-990E-05C17B0F0368}.Release|Any CPU.Build.0 = Release|Any CPU
	EndGlobalSection
	GlobalSection(SolutionProperties) = preSolution
		HideSolutionNode = FALSE
	EndGlobalSection
	GlobalSection(ExtensibilityGlobals) = postSolution
		SolutionGuid = {1C899D26-24CC-4070-9FD5-636A50D40E25}
	EndGlobalSection
EndGlobal
